// !$*UTF8*$!
{
	archiveVersion = 1;
	classes = {
	};
	objectVersion = 48;
	objects = {

/* Begin PBXBuildFile section */
		9E5D83641F75C1050027AEE5 /* SearchResultCell.xib in Resources */ = {isa = PBXBuildFile; fileRef = 9E5D83631F75C1050027AEE5 /* SearchResultCell.xib */; };
		9E5D83661F75C5D30027AEE5 /* SearchResultCell.swift in Sources */ = {isa = PBXBuildFile; fileRef = 9E5D83651F75C5D30027AEE5 /* SearchResultCell.swift */; };
		9E8B73171F7C10E8001F5052 /* LoadingCell.xib in Resources */ = {isa = PBXBuildFile; fileRef = 9E8B73161F7C10E8001F5052 /* LoadingCell.xib */; };
		9ED1BD3E1F7943E900D4F061 /* NothingFoundCell.xib in Resources */ = {isa = PBXBuildFile; fileRef = 9ED1BD3D1F7943E900D4F061 /* NothingFoundCell.xib */; };
		9EE9B1881F758BEC00519D50 /* AppDelegate.swift in Sources */ = {isa = PBXBuildFile; fileRef = 9EE9B1871F758BEC00519D50 /* AppDelegate.swift */; };
		9EE9B18A1F758BEC00519D50 /* SearchViewController.swift in Sources */ = {isa = PBXBuildFile; fileRef = 9EE9B1891F758BEC00519D50 /* SearchViewController.swift */; };
		9EE9B18D1F758BEC00519D50 /* Main.storyboard in Resources */ = {isa = PBXBuildFile; fileRef = 9EE9B18B1F758BEC00519D50 /* Main.storyboard */; };
		9EE9B18F1F758BEC00519D50 /* Assets.xcassets in Resources */ = {isa = PBXBuildFile; fileRef = 9EE9B18E1F758BEC00519D50 /* Assets.xcassets */; };
		9EE9B19A1F75A53600519D50 /* SearchResult.swift in Sources */ = {isa = PBXBuildFile; fileRef = 9EE9B1991F75A53600519D50 /* SearchResult.swift */; };
/* End PBXBuildFile section */

/* Begin PBXFileReference section */
		9E5D83631F75C1050027AEE5 /* SearchResultCell.xib */ = {isa = PBXFileReference; lastKnownFileType = file.xib; path = SearchResultCell.xib; sourceTree = "<group>"; };
		9E5D83651F75C5D30027AEE5 /* SearchResultCell.swift */ = {isa = PBXFileReference; lastKnownFileType = sourcecode.swift; path = SearchResultCell.swift; sourceTree = "<group>"; };
		9E8B73161F7C10E8001F5052 /* LoadingCell.xib */ = {isa = PBXFileReference; lastKnownFileType = file.xib; path = LoadingCell.xib; sourceTree = "<group>"; };
		9ED1BD3D1F7943E900D4F061 /* NothingFoundCell.xib */ = {isa = PBXFileReference; lastKnownFileType = file.xib; path = NothingFoundCell.xib; sourceTree = "<group>"; };
		9EE9B1841F758BEC00519D50 /* StoreSearch.app */ = {isa = PBXFileReference; explicitFileType = wrapper.application; includeInIndex = 0; path = StoreSearch.app; sourceTree = BUILT_PRODUCTS_DIR; };
		9EE9B1871F758BEC00519D50 /* AppDelegate.swift */ = {isa = PBXFileReference; lastKnownFileType = sourcecode.swift; path = AppDelegate.swift; sourceTree = "<group>"; };
		9EE9B1891F758BEC00519D50 /* SearchViewController.swift */ = {isa = PBXFileReference; lastKnownFileType = sourcecode.swift; path = SearchViewController.swift; sourceTree = "<group>"; };
		9EE9B18C1F758BEC00519D50 /* Base */ = {isa = PBXFileReference; lastKnownFileType = file.storyboard; name = Base; path = Base.lproj/Main.storyboard; sourceTree = "<group>"; };
		9EE9B18E1F758BEC00519D50 /* Assets.xcassets */ = {isa = PBXFileReference; lastKnownFileType = folder.assetcatalog; path = Assets.xcassets; sourceTree = "<group>"; };
		9EE9B1931F758BEC00519D50 /* Info.plist */ = {isa = PBXFileReference; lastKnownFileType = text.plist.xml; path = Info.plist; sourceTree = "<group>"; };
		9EE9B1991F75A53600519D50 /* SearchResult.swift */ = {isa = PBXFileReference; lastKnownFileType = sourcecode.swift; path = SearchResult.swift; sourceTree = "<group>"; };
/* End PBXFileReference section */

/* Begin PBXFrameworksBuildPhase section */
		9EE9B1811F758BEC00519D50 /* Frameworks */ = {
			isa = PBXFrameworksBuildPhase;
			buildActionMask = 2147483647;
			files = (
			);
			runOnlyForDeploymentPostprocessing = 0;
		};
/* End PBXFrameworksBuildPhase section */

/* Begin PBXGroup section */
		9EE9B17B1F758BEC00519D50 = {
			isa = PBXGroup;
			children = (
				9EE9B1861F758BEC00519D50 /* StoreSearch */,
				9EE9B1851F758BEC00519D50 /* Products */,
			);
			sourceTree = "<group>";
		};
		9EE9B1851F758BEC00519D50 /* Products */ = {
			isa = PBXGroup;
			children = (
				9EE9B1841F758BEC00519D50 /* StoreSearch.app */,
			);
			name = Products;
			sourceTree = "<group>";
		};
		9EE9B1861F758BEC00519D50 /* StoreSearch */ = {
			isa = PBXGroup;
			children = (
				9EE9B1871F758BEC00519D50 /* AppDelegate.swift */,
				9EE9B1991F75A53600519D50 /* SearchResult.swift */,
				9EE9B1891F758BEC00519D50 /* SearchViewController.swift */,
				9EE9B18B1F758BEC00519D50 /* Main.storyboard */,
				9EE9B18E1F758BEC00519D50 /* Assets.xcassets */,
				9EE9B1931F758BEC00519D50 /* Info.plist */,
				9E5D83631F75C1050027AEE5 /* SearchResultCell.xib */,
				9E5D83651F75C5D30027AEE5 /* SearchResultCell.swift */,
				9ED1BD3D1F7943E900D4F061 /* NothingFoundCell.xib */,
				9E8B73161F7C10E8001F5052 /* LoadingCell.xib */,
			);
			path = StoreSearch;
			sourceTree = "<group>";
		};
/* End PBXGroup section */

/* Begin PBXNativeTarget section */
		9EE9B1831F758BEC00519D50 /* StoreSearch */ = {
			isa = PBXNativeTarget;
			buildConfigurationList = 9EE9B1961F758BEC00519D50 /* Build configuration list for PBXNativeTarget "StoreSearch" */;
			buildPhases = (
				9EE9B1801F758BEC00519D50 /* Sources */,
				9EE9B1811F758BEC00519D50 /* Frameworks */,
				9EE9B1821F758BEC00519D50 /* Resources */,
			);
			buildRules = (
			);
			dependencies = (
			);
			name = StoreSearch;
			productName = StoreSearch;
			productReference = 9EE9B1841F758BEC00519D50 /* StoreSearch.app */;
			productType = "com.apple.product-type.application";
		};
/* End PBXNativeTarget section */

/* Begin PBXProject section */
		9EE9B17C1F758BEC00519D50 /* Project object */ = {
			isa = PBXProject;
			attributes = {
				LastSwiftUpdateCheck = 0900;
				LastUpgradeCheck = 0900;
				ORGANIZATIONNAME = "Erik Uecke";
				TargetAttributes = {
					9EE9B1831F758BEC00519D50 = {
						CreatedOnToolsVersion = 9.0;
						ProvisioningStyle = Automatic;
					};
				};
			};
			buildConfigurationList = 9EE9B17F1F758BEC00519D50 /* Build configuration list for PBXProject "StoreSearch" */;
			compatibilityVersion = "Xcode 8.0";
			developmentRegion = en;
			hasScannedForEncodings = 0;
			knownRegions = (
				en,
				Base,
			);
			mainGroup = 9EE9B17B1F758BEC00519D50;
			productRefGroup = 9EE9B1851F758BEC00519D50 /* Products */;
			projectDirPath = "";
			projectRoot = "";
			targets = (
				9EE9B1831F758BEC00519D50 /* StoreSearch */,
			);
		};
/* End PBXProject section */

/* Begin PBXResourcesBuildPhase section */
		9EE9B1821F758BEC00519D50 /* Resources */ = {
			isa = PBXResourcesBuildPhase;
			buildActionMask = 2147483647;
			files = (
				9EE9B18F1F758BEC00519D50 /* Assets.xcassets in Resources */,
				9E8B73171F7C10E8001F5052 /* LoadingCell.xib in Resources */,
				9E5D83641F75C1050027AEE5 /* SearchResultCell.xib in Resources */,
				9EE9B18D1F758BEC00519D50 /* Main.storyboard in Resources */,
				9ED1BD3E1F7943E900D4F061 /* NothingFoundCell.xib in Resources */,
			);
			runOnlyForDeploymentPostprocessing = 0;
		};
/* End PBXResourcesBuildPhase section */

/* Begin PBXSourcesBuildPhase section */
		9EE9B1801F758BEC00519D50 /* Sources */ = {
			isa = PBXSourcesBuildPhase;
			buildActionMask = 2147483647;
			files = (
				9EE9B18A1F758BEC00519D50 /* SearchViewController.swift in Sources */,
				9EE9B19A1F75A53600519D50 /* SearchResult.swift in Sources */,
				9E5D83661F75C5D30027AEE5 /* SearchResultCell.swift in Sources */,
				9EE9B1881F758BEC00519D50 /* AppDelegate.swift in Sources */,
			);
			runOnlyForDeploymentPostprocessing = 0;
		};
/* End PBXSourcesBuildPhase section */

/* Begin PBXVariantGroup section */
		9EE9B18B1F758BEC00519D50 /* Main.storyboard */ = {
			isa = PBXVariantGroup;
			children = (
				9EE9B18C1F758BEC00519D50 /* Base */,
			);
			name = Main.storyboard;
			sourceTree = "<group>";
		};
/* End PBXVariantGroup section */

/* Begin XCBuildConfiguration section */
		9EE9B1941F758BEC00519D50 /* Debug */ = {
			isa = XCBuildConfiguration;
			buildSettings = {
				ALWAYS_SEARCH_USER_PATHS = NO;
				CLANG_ANALYZER_NONNULL = YES;
				CLANG_ANALYZER_NUMBER_OBJECT_CONVERSION = YES_AGGRESSIVE;
				CLANG_CXX_LANGUAGE_STANDARD = "gnu++14";
				CLANG_CXX_LIBRARY = "libc++";
				CLANG_ENABLE_MODULES = YES;
				CLANG_ENABLE_OBJC_ARC = YES;
				CLANG_WARN_BLOCK_CAPTURE_AUTORELEASING = YES;
				CLANG_WARN_BOOL_CONVERSION = YES;
				CLANG_WARN_COMMA = YES;
				CLANG_WARN_CONSTANT_CONVERSION = YES;
				CLANG_WARN_DIRECT_OBJC_ISA_USAGE = YES_ERROR;
				CLANG_WARN_DOCUMENTATION_COMMENTS = YES;
				CLANG_WARN_EMPTY_BODY = YES;
				CLANG_WARN_ENUM_CONVERSION = YES;
				CLANG_WARN_INFINITE_RECURSION = YES;
				CLANG_WARN_INT_CONVERSION = YES;
				CLANG_WARN_NON_LITERAL_NULL_CONVERSION = YES;
				CLANG_WARN_OBJC_LITERAL_CONVERSION = YES;
				CLANG_WARN_OBJC_ROOT_CLASS = YES_ERROR;
				CLANG_WARN_RANGE_LOOP_ANALYSIS = YES;
				CLANG_WARN_STRICT_PROTOTYPES = YES;
				CLANG_WARN_SUSPICIOUS_MOVE = YES;
				CLANG_WARN_UNGUARDED_AVAILABILITY = YES_AGGRESSIVE;
				CLANG_WARN_UNREACHABLE_CODE = YES;
				CLANG_WARN__DUPLICATE_METHOD_MATCH = YES;
				CODE_SIGN_IDENTITY = "iPhone Developer";
				COPY_PHASE_STRIP = NO;
				DEBUG_INFORMATION_FORMAT = dwarf;
				ENABLE_STRICT_OBJC_MSGSEND = YES;
				ENABLE_TESTABILITY = YES;
				GCC_C_LANGUAGE_STANDARD = gnu11;
				GCC_DYNAMIC_NO_PIC = NO;
				GCC_NO_COMMON_BLOCKS = YES;
				GCC_OPTIMIZATION_LEVEL = 0;
				GCC_PREPROCESSOR_DEFINITIONS = (
					"DEBUG=1",
					"$(inherited)",
				);
				GCC_WARN_64_TO_32_BIT_CONVERSION = YES;
				GCC_WARN_ABOUT_RETURN_TYPE = YES_ERROR;
				GCC_WARN_UNDECLARED_SELECTOR = YES;
				GCC_WARN_UNINITIALIZED_AUTOS = YES_AGGRESSIVE;
				GCC_WARN_UNUSED_FUNCTION = YES;
				GCC_WARN_UNUSED_VARIABLE = YES;
				IPHONEOS_DEPLOYMENT_TARGET = 11.0;
				MTL_ENABLE_DEBUG_INFO = YES;
				ONLY_ACTIVE_ARCH = YES;
				SDKROOT = iphoneos;
				SWIFT_ACTIVE_COMPILATION_CONDITIONS = DEBUG;
				SWIFT_OPTIMIZATION_LEVEL = "-Onone";
			};
			name = Debug;
		};
		9EE9B1951F758BEC00519D50 /* Release */ = {
			isa = XCBuildConfiguration;
			buildSettings = {
				ALWAYS_SEARCH_USER_PATHS = NO;
				CLANG_ANALYZER_NONNULL = YES;
				CLANG_ANALYZER_NUMBER_OBJECT_CONVERSION = YES_AGGRESSIVE;
				CLANG_CXX_LANGUAGE_STANDARD = "gnu++14";
				CLANG_CXX_LIBRARY = "libc++";
				CLANG_ENABLE_MODULES = YES;
				CLANG_ENABLE_OBJC_ARC = YES;
				CLANG_WARN_BLOCK_CAPTURE_AUTORELEASING = YES;
				CLANG_WARN_BOOL_CONVERSION = YES;
				CLANG_WARN_COMMA = YES;
				CLANG_WARN_CONSTANT_CONVERSION = YES;
				CLANG_WARN_DIRECT_OBJC_ISA_USAGE = YES_ERROR;
				CLANG_WARN_DOCUMENTATION_COMMENTS = YES;
				CLANG_WARN_EMPTY_BODY = YES;
				CLANG_WARN_ENUM_CONVERSION = YES;
				CLANG_WARN_INFINITE_RECURSION = YES;
				CLANG_WARN_INT_CONVERSION = YES;
				CLANG_WARN_NON_LITERAL_NULL_CONVERSION = YES;
				CLANG_WARN_OBJC_LITERAL_CONVERSION = YES;
				CLANG_WARN_OBJC_ROOT_CLASS = YES_ERROR;
				CLANG_WARN_RANGE_LOOP_ANALYSIS = YES;
				CLANG_WARN_STRICT_PROTOTYPES = YES;
				CLANG_WARN_SUSPICIOUS_MOVE = YES;
				CLANG_WARN_UNGUARDED_AVAILABILITY = YES_AGGRESSIVE;
				CLANG_WARN_UNREACHABLE_CODE = YES;
				CLANG_WARN__DUPLICATE_METHOD_MATCH = YES;
				CODE_SIGN_IDENTITY = "iPhone Developer";
				COPY_PHASE_STRIP = NO;
				DEBUG_INFORMATION_FORMAT = "dwarf-with-dsym";
				ENABLE_NS_ASSERTIONS = NO;
				ENABLE_STRICT_OBJC_MSGSEND = YES;
				GCC_C_LANGUAGE_STANDARD = gnu11;
				GCC_NO_COMMON_BLOCKS = YES;
				GCC_WARN_64_TO_32_BIT_CONVERSION = YES;
				GCC_WARN_ABOUT_RETURN_TYPE = YES_ERROR;
				GCC_WARN_UNDECLARED_SELECTOR = YES;
				GCC_WARN_UNINITIALIZED_AUTOS = YES_AGGRESSIVE;
				GCC_WARN_UNUSED_FUNCTION = YES;
				GCC_WARN_UNUSED_VARIABLE = YES;
				IPHONEOS_DEPLOYMENT_TARGET = 11.0;
				MTL_ENABLE_DEBUG_INFO = NO;
				SDKROOT = iphoneos;
				SWIFT_OPTIMIZATION_LEVEL = "-Owholemodule";
				VALIDATE_PRODUCT = YES;
			};
			name = Release;
		};
		9EE9B1971F758BEC00519D50 /* Debug */ = {
			isa = XCBuildConfiguration;
			buildSettings = {
				ASSETCATALOG_COMPILER_APPICON_NAME = AppIcon;
				CODE_SIGN_STYLE = Automatic;
				DEVELOPMENT_TEAM = DSV7VS8A6A;
				INFOPLIST_FILE = StoreSearch/Info.plist;
				LD_RUNPATH_SEARCH_PATHS = "$(inherited) @executable_path/Frameworks";
				PRODUCT_BUNDLE_IDENTIFIER = com.erikuecke.StoreSearch;
				PRODUCT_NAME = "$(TARGET_NAME)";
				SWIFT_VERSION = 4.0;
				TARGETED_DEVICE_FAMILY = "1,2";
			};
			name = Debug;
		};
		9EE9B1981F758BEC00519D50 /* Release */ = {
			isa = XCBuildConfiguration;
			buildSettings = {
				ASSETCATALOG_COMPILER_APPICON_NAME = AppIcon;
				CODE_SIGN_STYLE = Automatic;
				DEVELOPMENT_TEAM = DSV7VS8A6A;
				INFOPLIST_FILE = StoreSearch/Info.plist;
				LD_RUNPATH_SEARCH_PATHS = "$(inherited) @executable_path/Frameworks";
				PRODUCT_BUNDLE_IDENTIFIER = com.erikuecke.StoreSearch;
				PRODUCT_NAME = "$(TARGET_NAME)";
				SWIFT_VERSION = 4.0;
				TARGETED_DEVICE_FAMILY = "1,2";
			};
			name = Release;
		};
/* End XCBuildConfiguration section */

/* Begin XCConfigurationList section */
		9EE9B17F1F758BEC00519D50 /* Build configuration list for PBXProject "StoreSearch" */ = {
			isa = XCConfigurationList;
			buildConfigurations = (
				9EE9B1941F758BEC00519D50 /* Debug */,
				9EE9B1951F758BEC00519D50 /* Release */,
			);
			defaultConfigurationIsVisible = 0;
			defaultConfigurationName = Release;
		};
		9EE9B1961F758BEC00519D50 /* Build configuration list for PBXNativeTarget "StoreSearch" */ = {
			isa = XCConfigurationList;
			buildConfigurations = (
				9EE9B1971F758BEC00519D50 /* Debug */,
				9EE9B1981F758BEC00519D50 /* Release */,
			);
			defaultConfigurationIsVisible = 0;
			defaultConfigurationName = Release;
		};
/* End XCConfigurationList section */
	};
	rootObject = 9EE9B17C1F758BEC00519D50 /* Project object */;
}
